
Microsoft Visual Studio Solution File, Format Version 12.00
Project("{FAE04EC0-301F-11D3-BF4B-00C04F79EFBC}") = "Innkeep2.Cloud", "Innkeep2.Cloud\Innkeep2.Cloud.csproj", "{D86CDB9A-2AE8-435C-A7B7-91E9C7AEE100}"
EndProject
Project("{2150E333-8FDC-42A3-9474-1A3956D46DE8}") = "Infrastructure", "Infrastructure", "{C5A6786E-140C-43B7-9DB4-29203CAE31D8}"
EndProject
Project("{FAE04EC0-301F-11D3-BF4B-00C04F79EFBC}") = "Innkeep2.Models", "Innkeep2.Models\Innkeep2.Models.csproj", "{1439941F-8331-4F05-BD53-65B46C3CEB3C}"
EndProject
Project("{FAE04EC0-301F-11D3-BF4B-00C04F79EFBC}") = "Innkeep2.Requests", "Innkeep2.Requests\Innkeep2.Requests.csproj", "{8027F197-0250-46F5-B3A7-ED3E02B518AF}"
EndProject
Project("{2150E333-8FDC-42A3-9474-1A3956D46DE8}") = "Tests", "Tests", "{C260F067-432C-47B5-A5F9-21B0CCE0A660}"
EndProject
Project("{FAE04EC0-301F-11D3-BF4B-00C04F79EFBC}") = "Innkeep2.Requests.Tests", "Innkeep2.Requests.Tests\Innkeep2.Requests.Tests.csproj", "{AFEB5767-8962-4416-A54C-67215D762BA9}"
EndProject
Project("{FAE04EC0-301F-11D3-BF4B-00C04F79EFBC}") = "Innkeep2.Credentials", "Innkeep2.Credentials\Innkeep2.Credentials.csproj", "{94DA5D28-D90F-404C-BE8A-BC1FC1CF3940}"
EndProject
Project("{2150E333-8FDC-42A3-9474-1A3956D46DE8}") = "Applications", "Applications", "{CF10E41F-E666-4903-B6B8-B6623C5D8992}"
EndProject
Project("{FAE04EC0-301F-11D3-BF4B-00C04F79EFBC}") = "Innkeep2.Services", "Innkeep2.Services\Innkeep2.Services.csproj", "{C1E9B877-234A-4639-A7A4-48DD621B4328}"
EndProject
Project("{FAE04EC0-301F-11D3-BF4B-00C04F79EFBC}") = "Innkeep2.Server", "Innkeep2.Server\Innkeep2.Server.csproj", "{DD53CE94-B05F-425C-A616-DA99EDA59624}"
EndProject
Global
	GlobalSection(SolutionConfigurationPlatforms) = preSolution
		Debug|Any CPU = Debug|Any CPU
		Release|Any CPU = Release|Any CPU
	EndGlobalSection
	GlobalSection(ProjectConfigurationPlatforms) = postSolution
		{D86CDB9A-2AE8-435C-A7B7-91E9C7AEE100}.Debug|Any CPU.ActiveCfg = Debug|Any CPU
		{D86CDB9A-2AE8-435C-A7B7-91E9C7AEE100}.Debug|Any CPU.Build.0 = Debug|Any CPU
		{D86CDB9A-2AE8-435C-A7B7-91E9C7AEE100}.Release|Any CPU.ActiveCfg = Release|Any CPU
		{D86CDB9A-2AE8-435C-A7B7-91E9C7AEE100}.Release|Any CPU.Build.0 = Release|Any CPU
		{1439941F-8331-4F05-BD53-65B46C3CEB3C}.Debug|Any CPU.ActiveCfg = Debug|Any CPU
		{1439941F-8331-4F05-BD53-65B46C3CEB3C}.Debug|Any CPU.Build.0 = Debug|Any CPU
		{1439941F-8331-4F05-BD53-65B46C3CEB3C}.Release|Any CPU.ActiveCfg = Release|Any CPU
		{1439941F-8331-4F05-BD53-65B46C3CEB3C}.Release|Any CPU.Build.0 = Release|Any CPU
		{8027F197-0250-46F5-B3A7-ED3E02B518AF}.Debug|Any CPU.ActiveCfg = Debug|Any CPU
		{8027F197-0250-46F5-B3A7-ED3E02B518AF}.Debug|Any CPU.Build.0 = Debug|Any CPU
		{8027F197-0250-46F5-B3A7-ED3E02B518AF}.Release|Any CPU.ActiveCfg = Release|Any CPU
		{8027F197-0250-46F5-B3A7-ED3E02B518AF}.Release|Any CPU.Build.0 = Release|Any CPU
		{AFEB5767-8962-4416-A54C-67215D762BA9}.Debug|Any CPU.ActiveCfg = Debug|Any CPU
		{AFEB5767-8962-4416-A54C-67215D762BA9}.Debug|Any CPU.Build.0 = Debug|Any CPU
		{AFEB5767-8962-4416-A54C-67215D762BA9}.Release|Any CPU.ActiveCfg = Release|Any CPU
		{AFEB5767-8962-4416-A54C-67215D762BA9}.Release|Any CPU.Build.0 = Release|Any CPU
		{94DA5D28-D90F-404C-BE8A-BC1FC1CF3940}.Debug|Any CPU.ActiveCfg = Debug|Any CPU
		{94DA5D28-D90F-404C-BE8A-BC1FC1CF3940}.Debug|Any CPU.Build.0 = Debug|Any CPU
		{94DA5D28-D90F-404C-BE8A-BC1FC1CF3940}.Release|Any CPU.ActiveCfg = Release|Any CPU
		{94DA5D28-D90F-404C-BE8A-BC1FC1CF3940}.Release|Any CPU.Build.0 = Release|Any CPU
		{C1E9B877-234A-4639-A7A4-48DD621B4328}.Debug|Any CPU.ActiveCfg = Debug|Any CPU
		{C1E9B877-234A-4639-A7A4-48DD621B4328}.Debug|Any CPU.Build.0 = Debug|Any CPU
		{C1E9B877-234A-4639-A7A4-48DD621B4328}.Release|Any CPU.ActiveCfg = Release|Any CPU
		{C1E9B877-234A-4639-A7A4-48DD621B4328}.Release|Any CPU.Build.0 = Release|Any CPU
		{DD53CE94-B05F-425C-A616-DA99EDA59624}.Debug|Any CPU.ActiveCfg = Debug|Any CPU
		{DD53CE94-B05F-425C-A616-DA99EDA59624}.Debug|Any CPU.Build.0 = Debug|Any CPU
		{DD53CE94-B05F-425C-A616-DA99EDA59624}.Release|Any CPU.ActiveCfg = Release|Any CPU
		{DD53CE94-B05F-425C-A616-DA99EDA59624}.Release|Any CPU.Build.0 = Release|Any CPU
	EndGlobalSection
	GlobalSection(NestedProjects) = preSolution
		{1439941F-8331-4F05-BD53-65B46C3CEB3C} = {C5A6786E-140C-43B7-9DB4-29203CAE31D8}
		{8027F197-0250-46F5-B3A7-ED3E02B518AF} = {C5A6786E-140C-43B7-9DB4-29203CAE31D8}
		{AFEB5767-8962-4416-A54C-67215D762BA9} = {C260F067-432C-47B5-A5F9-21B0CCE0A660}
		{94DA5D28-D90F-404C-BE8A-BC1FC1CF3940} = {C5A6786E-140C-43B7-9DB4-29203CAE31D8}
		{D86CDB9A-2AE8-435C-A7B7-91E9C7AEE100} = {CF10E41F-E666-4903-B6B8-B6623C5D8992}
		{C1E9B877-234A-4639-A7A4-48DD621B4328} = {C5A6786E-140C-43B7-9DB4-29203CAE31D8}
		{DD53CE94-B05F-425C-A616-DA99EDA59624} = {CF10E41F-E666-4903-B6B8-B6623C5D8992}
	EndGlobalSection
EndGlobal
